{
  "name": "prisma-hasura",
  "version": "1.0.0",
  "lockfileVersion": 3,
  "requires": true,
  "packages": {
    "": {
      "name": "prisma-hasura",
      "version": "1.0.0",
      "license": "ISC",
      "dependencies": {
        "@prisma/client": "^5.16.0",
        "dotenv": "^16.4.5"
      },
      "devDependencies": {
        "@types/node": "^20.14.8",
        "prisma": "^5.16.0"
      }
    },
    "node_modules/@prisma/client": {
      "version": "5.16.0",
      "resolved": "https://registry.npmjs.org/@prisma/client/-/client-5.16.0.tgz",
      "integrity": "sha512-8NOQSzgrSgpU2YcNm4MsPR4/vNvZdUBPuyX89PwWlClSKZeDjPSZ8+eds/ffu1Ttrjnm8V8D0hjgqpyc6wyqDg==",
      "hasInstallScript": true,
      "engines": {
        "node": ">=16.13"
      },
      "peerDependencies": {
        "prisma": "*"
      },
      "peerDependenciesMeta": {
        "prisma": {
          "optional": true
        }
      }
    },
    "node_modules/@prisma/debug": {
      "version": "5.16.0",
      "resolved": "https://registry.npmjs.org/@prisma/debug/-/debug-5.16.0.tgz",
      "integrity": "sha512-pfdOGxMShqZKkNNskYB0yXICsqL6rOkQUKNktouUZ9Y9ASd5736+ae2fpzif7onwJiIyEpu/yvOO3rFUbliKTA==",
      "devOptional": true
    },
    "node_modules/@prisma/engines": {
      "version": "5.16.0",
      "resolved": "https://registry.npmjs.org/@prisma/engines/-/engines-5.16.0.tgz",
      "integrity": "sha512-OGvi/GvLX3XwTWQ+k/57kLyHGidQ8rC8zB+Zq9nEE7gegjazyzgLYN9qzfdcCfyI8ilc6IMxOyX4sspwkv98hg==",
      "devOptional": true,
      "hasInstallScript": true,
      "dependencies": {
        "@prisma/debug": "5.16.0",
        "@prisma/engines-version": "5.16.0-24.34ace0eb2704183d2c05b60b52fba5c43c13f303",
        "@prisma/fetch-engine": "5.16.0",
        "@prisma/get-platform": "5.16.0"
      }
    },
    "node_modules/@prisma/engines-version": {
      "version": "5.16.0-24.34ace0eb2704183d2c05b60b52fba5c43c13f303",
      "resolved": "https://registry.npmjs.org/@prisma/engines-version/-/engines-version-5.16.0-24.34ace0eb2704183d2c05b60b52fba5c43c13f303.tgz",
      "integrity": "sha512-HkT2WbfmFZ9WUPyuJHhkiADxazHg8Y4gByrTSVeb3OikP6tjQ7txtSUGu9OBOBH0C13dPKN2qqH12xKtHu/Hiw==",
      "devOptional": true
    },
    "node_modules/@prisma/fetch-engine": {
      "version": "5.16.0",
      "resolved": "https://registry.npmjs.org/@prisma/fetch-engine/-/fetch-engine-5.16.0.tgz",
      "integrity": "sha512-8C8y6J9eWRl+R/aO3vQ2HlmM9IbjAmrZaaEAdC0OJfG3CHvbTOcL7VRY6CEUKo8RwZ8bdATOePaSMS634fHWgw==",
      "devOptional": true,
      "dependencies": {
        "@prisma/debug": "5.16.0",
        "@prisma/engines-version": "5.16.0-24.34ace0eb2704183d2c05b60b52fba5c43c13f303",
        "@prisma/get-platform": "5.16.0"
      }
    },
    "node_modules/@prisma/get-platform": {
      "version": "5.16.0",
      "resolved": "https://registry.npmjs.org/@prisma/get-platform/-/get-platform-5.16.0.tgz",
      "integrity": "sha512-ynp2jAYfYdd7OObX+uWaFRpvhPVmpF0nsRMhbrWdVVUj39q3Zr8dGz5WDj2g+BTUE++u1T1Am3RyM3PBQdDZXA==",
      "devOptional": true,
      "dependencies": {
        "@prisma/debug": "5.16.0"
      }
    },
    "node_modules/@types/node": {
      "version": "20.14.8",
      "resolved": "https://registry.npmjs.org/@types/node/-/node-20.14.8.tgz",
      "integrity": "sha512-DO+2/jZinXfROG7j7WKFn/3C6nFwxy2lLpgLjEXJz+0XKphZlTLJ14mo8Vfg8X5BWN6XjyESXq+LcYdT7tR3bA==",
      "dev": true,
      "dependencies": {
        "undici-types": "~5.26.4"
      }
    },
    "node_modules/dotenv": {
      "version": "16.4.5",
      "resolved": "https://registry.npmjs.org/dotenv/-/dotenv-16.4.5.tgz",
      "integrity": "sha512-ZmdL2rui+eB2YwhsWzjInR8LldtZHGDoQ1ugH85ppHKwpUHL7j7rN0Ti9NCnGiQbhaZ11FpR+7ao1dNsmduNUg==",
      "engines": {
        "node": ">=12"
      },
      "funding": {
        "url": "https://dotenvx.com"
      }
    },
    "node_modules/prisma": {
      "version": "5.16.0",
      "resolved": "https://registry.npmjs.org/prisma/-/prisma-5.16.0.tgz",
      "integrity": "sha512-T1ZWJT/vgzp3rtRmd1iCSnPPsgOItXnnny+/cfpHraowiBEvUMD2pEI6yEOL6CP2EelTmq4wKDbXbYucy4Fd+A==",
      "devOptional": true,
      "hasInstallScript": true,
      "dependencies": {
        "@prisma/engines": "5.16.0"
      },
      "bin": {
        "prisma": "build/index.js"
      },
      "engines": {
        "node": ">=16.13"
      }
    },
    "node_modules/undici-types": {
      "version": "5.26.5",
      "resolved": "https://registry.npmjs.org/undici-types/-/undici-types-5.26.5.tgz",
      "integrity": "sha512-JlCMO+ehdEIKqlFxk6IfVoAUVmgz7cU7zD/h9XZ0qzeosSHmUJVOzSQvvYSYWXkFXC+IfLKSIffhv0sVZup6pA==",
      "dev": true
    }
  }
}
